
Microsoft Visual Studio Solution File, Format Version 12.00
# Visual Studio Version 16
VisualStudioVersion = 16.0.30503.244
MinimumVisualStudioVersion = 10.0.40219.1
Project("{FAE04EC0-301F-11D3-BF4B-00C04F79EFBC}") = "regMVC", "regMVC\regMVC.csproj", "{18D53EB5-DB72-4845-89DA-9788F534180A}"
EndProject
Global
	GlobalSection(SolutionConfigurationPlatforms) = preSolution
		Debug|Any CPU = Debug|Any CPU
		Release|Any CPU = Release|Any CPU
	EndGlobalSection
	GlobalSection(ProjectConfigurationPlatforms) = postSolution
		{18D53EB5-DB72-4845-89DA-9788F534180A}.Debug|Any CPU.ActiveCfg = Debug|Any CPU
		{18D53EB5-DB72-4845-89DA-9788F534180A}.Debug|Any CPU.Build.0 = Debug|Any CPU
		{18D53EB5-DB72-4845-89DA-9788F534180A}.Release|Any CPU.ActiveCfg = Release|Any CPU
		{18D53EB5-DB72-4845-89DA-9788F534180A}.Release|Any CPU.Build.0 = Release|Any CPU
	EndGlobalSection
	GlobalSection(SolutionProperties) = preSolution
		HideSolutionNode = FALSE
	EndGlobalSection
	GlobalSection(ExtensibilityGlobals) = postSolution
		SolutionGuid = {550ACD6A-1036-43F0-B5E3-8443EBB3F728}
	EndGlobalSection
EndGlobal
